// !$*UTF8*$!
{
	archiveVersion = 1;
	classes = {
	};
	objectVersion = 77;
	objects = {

/* Begin PBXContainerItemProxy section */
		099CDBFB2CA9266700577804 /* PBXContainerItemProxy */ = {
			isa = PBXContainerItemProxy;
			containerPortal = 099CDBE22CA9266600577804 /* Project object */;
			proxyType = 1;
			remoteGlobalIDString = 099CDBE92CA9266600577804;
			remoteInfo = Apple_Framword;
		};
		099CDC052CA9266700577804 /* PBXContainerItemProxy */ = {
			isa = PBXContainerItemProxy;
			containerPortal = 099CDBE22CA9266600577804 /* Project object */;
			proxyType = 1;
			remoteGlobalIDString = 099CDBE92CA9266600577804;
			remoteInfo = Apple_Framword;
		};
/* End PBXContainerItemProxy section */

/* Begin PBXFileReference section */
		099CDBEA2CA9266600577804 /* Apple_Framword.app */ = {isa = PBXFileReference; explicitFileType = wrapper.application; includeInIndex = 0; path = Apple_Framword.app; sourceTree = BUILT_PRODUCTS_DIR; };
		099CDBFA2CA9266700577804 /* Apple_FramwordTests.xctest */ = {isa = PBXFileReference; explicitFileType = wrapper.cfbundle; includeInIndex = 0; path = Apple_FramwordTests.xctest; sourceTree = BUILT_PRODUCTS_DIR; };
		099CDC042CA9266700577804 /* Apple_FramwordUITests.xctest */ = {isa = PBXFileReference; explicitFileType = wrapper.cfbundle; includeInIndex = 0; path = Apple_FramwordUITests.xctest; sourceTree = BUILT_PRODUCTS_DIR; };
/* End PBXFileReference section */

/* Begin PBXFileSystemSynchronizedRootGroup section */
		099CDBEC2CA9266600577804 /* Apple_Framword */ = {
			isa = PBXFileSystemSynchronizedRootGroup;
			path = Apple_Framword;
			sourceTree = "<group>";
		};
		099CDBFD2CA9266700577804 /* Apple_FramwordTests */ = {
			isa = PBXFileSystemSynchronizedRootGroup;
			path = Apple_FramwordTests;
			sourceTree = "<group>";
		};
		099CDC072CA9266700577804 /* Apple_FramwordUITests */ = {
			isa = PBXFileSystemSynchronizedRootGroup;
			path = Apple_FramwordUITests;
			sourceTree = "<group>";
		};
/* End PBXFileSystemSynchronizedRootGroup section */

/* Begin PBXFrameworksBuildPhase section */
		099CDBE72CA9266600577804 /* Frameworks */ = {
			isa = PBXFrameworksBuildPhase;
			buildActionMask = 2147483647;
			files = (
			);
			runOnlyForDeploymentPostprocessing = 0;
		};
		099CDBF72CA9266700577804 /* Frameworks */ = {
			isa = PBXFrameworksBuildPhase;
			buildActionMask = 2147483647;
			files = (
			);
			runOnlyForDeploymentPostprocessing = 0;
		};
		099CDC012CA9266700577804 /* Frameworks */ = {
			isa = PBXFrameworksBuildPhase;
			buildActionMask = 2147483647;
			files = (
			);
			runOnlyForDeploymentPostprocessing = 0;
		};
/* End PBXFrameworksBuildPhase section */

/* Begin PBXGroup section */
		099CDBE12CA9266600577804 = {
			isa = PBXGroup;
			children = (
				099CDBEC2CA9266600577804 /* Apple_Framword */,
				099CDBFD2CA9266700577804 /* Apple_FramwordTests */,
				099CDC072CA9266700577804 /* Apple_FramwordUITests */,
				099CDBEB2CA9266600577804 /* Products */,
			);
			sourceTree = "<group>";
		};
		099CDBEB2CA9266600577804 /* Products */ = {
			isa = PBXGroup;
			children = (
				099CDBEA2CA9266600577804 /* Apple_Framword.app */,
				099CDBFA2CA9266700577804 /* Apple_FramwordTests.xctest */,
				099CDC042CA9266700577804 /* Apple_FramwordUITests.xctest */,
			);
			name = Products;
			sourceTree = "<group>";
		};
/* End PBXGroup section */

/* Begin PBXNativeTarget section */
		099CDBE92CA9266600577804 /* Apple_Framword */ = {
			isa = PBXNativeTarget;
			buildConfigurationList = 099CDC0E2CA9266700577804 /* Build configuration list for PBXNativeTarget "Apple_Framword" */;
			buildPhases = (
				099CDBE62CA9266600577804 /* Sources */,
				099CDBE72CA9266600577804 /* Frameworks */,
				099CDBE82CA9266600577804 /* Resources */,
			);
			buildRules = (
			);
			dependencies = (
			);
			fileSystemSynchronizedGroups = (
				099CDBEC2CA9266600577804 /* Apple_Framword */,
			);
			name = Apple_Framword;
			packageProductDependencies = (
			);
			productName = Apple_Framword;
			productReference = 099CDBEA2CA9266600577804 /* Apple_Framword.app */;
			productType = "com.apple.product-type.application";
		};
		099CDBF92CA9266700577804 /* Apple_FramwordTests */ = {
			isa = PBXNativeTarget;
			buildConfigurationList = 099CDC112CA9266700577804 /* Build configuration list for PBXNativeTarget "Apple_FramwordTests" */;
			buildPhases = (
				099CDBF62CA9266700577804 /* Sources */,
				099CDBF72CA9266700577804 /* Frameworks */,
				099CDBF82CA9266700577804 /* Resources */,
			);
			buildRules = (
			);
			dependencies = (
				099CDBFC2CA9266700577804 /* PBXTargetDependency */,
			);
			fileSystemSynchronizedGroups = (
				099CDBFD2CA9266700577804 /* Apple_FramwordTests */,
			);
			name = Apple_FramwordTests;
			packageProductDependencies = (
			);
			productName = Apple_FramwordTests;
			productReference = 099CDBFA2CA9266700577804 /* Apple_FramwordTests.xctest */;
			productType = "com.apple.product-type.bundle.unit-test";
		};
		099CDC032CA9266700577804 /* Apple_FramwordUITests */ = {
			isa = PBXNativeTarget;
			buildConfigurationList = 099CDC142CA9266700577804 /* Build configuration list for PBXNativeTarget "Apple_FramwordUITests" */;
			buildPhases = (
				099CDC002CA9266700577804 /* Sources */,
				099CDC012CA9266700577804 /* Frameworks */,
				099CDC022CA9266700577804 /* Resources */,
			);
			buildRules = (
			);
			dependencies = (
				099CDC062CA9266700577804 /* PBXTargetDependency */,
			);
			fileSystemSynchronizedGroups = (
				099CDC072CA9266700577804 /* Apple_FramwordUITests */,
			);
			name = Apple_FramwordUITests;
			packageProductDependencies = (
			);
			productName = Apple_FramwordUITests;
			productReference = 099CDC042CA9266700577804 /* Apple_FramwordUITests.xctest */;
			productType = "com.apple.product-type.bundle.ui-testing";
		};
/* End PBXNativeTarget section */

/* Begin PBXProject section */
		099CDBE22CA9266600577804 /* Project object */ = {
			isa = PBXProject;
			attributes = {
				BuildIndependentTargetsInParallel = 1;
				LastSwiftUpdateCheck = 1600;
				LastUpgradeCheck = 1600;
				TargetAttributes = {
					099CDBE92CA9266600577804 = {
						CreatedOnToolsVersion = 16.0;
					};
					099CDBF92CA9266700577804 = {
						CreatedOnToolsVersion = 16.0;
						TestTargetID = 099CDBE92CA9266600577804;
					};
					099CDC032CA9266700577804 = {
						CreatedOnToolsVersion = 16.0;
						TestTargetID = 099CDBE92CA9266600577804;
					};
				};
			};
			buildConfigurationList = 099CDBE52CA9266600577804 /* Build configuration list for PBXProject "Apple_Framword" */;
			developmentRegion = en;
			hasScannedForEncodings = 0;
			knownRegions = (
				en,
				Base,
			);
			mainGroup = 099CDBE12CA9266600577804;
			minimizedProjectReferenceProxies = 1;
			preferredProjectObjectVersion = 77;
			productRefGroup = 099CDBEB2CA9266600577804 /* Products */;
			projectDirPath = "";
			projectRoot = "";
			targets = (
				099CDBE92CA9266600577804 /* Apple_Framword */,
				099CDBF92CA9266700577804 /* Apple_FramwordTests */,
				099CDC032CA9266700577804 /* Apple_FramwordUITests */,
			);
		};
/* End PBXProject section */

/* Begin PBXResourcesBuildPhase section */
		099CDBE82CA9266600577804 /* Resources */ = {
			isa = PBXResourcesBuildPhase;
			buildActionMask = 2147483647;
			files = (
			);
			runOnlyForDeploymentPostprocessing = 0;
		};
		099CDBF82CA9266700577804 /* Resources */ = {
			isa = PBXResourcesBuildPhase;
			buildActionMask = 2147483647;
			files = (
			);
			runOnlyForDeploymentPostprocessing = 0;
		};
		099CDC022CA9266700577804 /* Resources */ = {
			isa = PBXResourcesBuildPhase;
			buildActionMask = 2147483647;
			files = (
			);
			runOnlyForDeploymentPostprocessing = 0;
		};
/* End PBXResourcesBuildPhase section */

/* Begin PBXSourcesBuildPhase section */
		099CDBE62CA9266600577804 /* Sources */ = {
			isa = PBXSourcesBuildPhase;
			buildActionMask = 2147483647;
			files = (
			);
			runOnlyForDeploymentPostprocessing = 0;
		};
		099CDBF62CA9266700577804 /* Sources */ = {
			isa = PBXSourcesBuildPhase;
			buildActionMask = 2147483647;
			files = (
			);
			runOnlyForDeploymentPostprocessing = 0;
		};
		099CDC002CA9266700577804 /* Sources */ = {
			isa = PBXSourcesBuildPhase;
			buildActionMask = 2147483647;
			files = (
			);
			runOnlyForDeploymentPostprocessing = 0;
		};
/* End PBXSourcesBuildPhase section */

/* Begin PBXTargetDependency section */
		099CDBFC2CA9266700577804 /* PBXTargetDependency */ = {
			isa = PBXTargetDependency;
			target = 099CDBE92CA9266600577804 /* Apple_Framword */;
			targetProxy = 099CDBFB2CA9266700577804 /* PBXContainerItemProxy */;
		};
		099CDC062CA9266700577804 /* PBXTargetDependency */ = {
			isa = PBXTargetDependency;
			target = 099CDBE92CA9266600577804 /* Apple_Framword */;
			targetProxy = 099CDC052CA9266700577804 /* PBXContainerItemProxy */;
		};
/* End PBXTargetDependency section */

/* Begin XCBuildConfiguration section */
		099CDC0C2CA9266700577804 /* Debug */ = {
			isa = XCBuildConfiguration;
			buildSettings = {
				ALWAYS_SEARCH_USER_PATHS = NO;
				ASSETCATALOG_COMPILER_GENERATE_SWIFT_ASSET_SYMBOL_EXTENSIONS = YES;
				CLANG_ANALYZER_NONNULL = YES;
				CLANG_ANALYZER_NUMBER_OBJECT_CONVERSION = YES_AGGRESSIVE;
				CLANG_CXX_LANGUAGE_STANDARD = "gnu++20";
				CLANG_ENABLE_MODULES = YES;
				CLANG_ENABLE_OBJC_ARC = YES;
				CLANG_ENABLE_OBJC_WEAK = YES;
				CLANG_WARN_BLOCK_CAPTURE_AUTORELEASING = YES;
				CLANG_WARN_BOOL_CONVERSION = YES;
				CLANG_WARN_COMMA = YES;
				CLANG_WARN_CONSTANT_CONVERSION = YES;
				CLANG_WARN_DEPRECATED_OBJC_IMPLEMENTATIONS = YES;
				CLANG_WARN_DIRECT_OBJC_ISA_USAGE = YES_ERROR;
				CLANG_WARN_DOCUMENTATION_COMMENTS = YES;
				CLANG_WARN_EMPTY_BODY = YES;
				CLANG_WARN_ENUM_CONVERSION = YES;
				CLANG_WARN_INFINITE_RECURSION = YES;
				CLANG_WARN_INT_CONVERSION = YES;
				CLANG_WARN_NON_LITERAL_NULL_CONVERSION = YES;
				CLANG_WARN_OBJC_IMPLICIT_RETAIN_SELF = YES;
				CLANG_WARN_OBJC_LITERAL_CONVERSION = YES;
				CLANG_WARN_OBJC_ROOT_CLASS = YES_ERROR;
				CLANG_WARN_QUOTED_INCLUDE_IN_FRAMEWORK_HEADER = YES;
				CLANG_WARN_RANGE_LOOP_ANALYSIS = YES;
				CLANG_WARN_STRICT_PROTOTYPES = YES;
				CLANG_WARN_SUSPICIOUS_MOVE = YES;
				CLANG_WARN_UNGUARDED_AVAILABILITY = YES_AGGRESSIVE;
				CLANG_WARN_UNREACHABLE_CODE = YES;
				CLANG_WARN__DUPLICATE_METHOD_MATCH = YES;
				COPY_PHASE_STRIP = NO;
				DEBUG_INFORMATION_FORMAT = dwarf;
				ENABLE_STRICT_OBJC_MSGSEND = YES;
				ENABLE_TESTABILITY = YES;
				ENABLE_USER_SCRIPT_SANDBOXING = YES;
				GCC_C_LANGUAGE_STANDARD = gnu17;
				GCC_DYNAMIC_NO_PIC = NO;
				GCC_NO_COMMON_BLOCKS = YES;
				GCC_OPTIMIZATION_LEVEL = 0;
				GCC_PREPROCESSOR_DEFINITIONS = (
					"DEBUG=1",
					"$(inherited)",
				);
				GCC_WARN_64_TO_32_BIT_CONVERSION = YES;
				GCC_WARN_ABOUT_RETURN_TYPE = YES_ERROR;
				GCC_WARN_UNDECLARED_SELECTOR = YES;
				GCC_WARN_UNINITIALIZED_AUTOS = YES_AGGRESSIVE;
				GCC_WARN_UNUSED_FUNCTION = YES;
				GCC_WARN_UNUSED_VARIABLE = YES;
				IPHONEOS_DEPLOYMENT_TARGET = 18.0;
				LOCALIZATION_PREFERS_STRING_CATALOGS = YES;
				MTL_ENABLE_DEBUG_INFO = INCLUDE_SOURCE;
				MTL_FAST_MATH = YES;
				ONLY_ACTIVE_ARCH = YES;
				SDKROOT = iphoneos;
				SWIFT_ACTIVE_COMPILATION_CONDITIONS = "DEBUG $(inherited)";
				SWIFT_OPTIMIZATION_LEVEL = "-Onone";
			};
			name = Debug;
		};
		099CDC0D2CA9266700577804 /* Release */ = {
			isa = XCBuildConfiguration;
			buildSettings = {
				ALWAYS_SEARCH_USER_PATHS = NO;
				ASSETCATALOG_COMPILER_GENERATE_SWIFT_ASSET_SYMBOL_EXTENSIONS = YES;
				CLANG_ANALYZER_NONNULL = YES;
				CLANG_ANALYZER_NUMBER_OBJECT_CONVERSION = YES_AGGRESSIVE;
				CLANG_CXX_LANGUAGE_STANDARD = "gnu++20";
				CLANG_ENABLE_MODULES = YES;
				CLANG_ENABLE_OBJC_ARC = YES;
				CLANG_ENABLE_OBJC_WEAK = YES;
				CLANG_WARN_BLOCK_CAPTURE_AUTORELEASING = YES;
				CLANG_WARN_BOOL_CONVERSION = YES;
				CLANG_WARN_COMMA = YES;
				CLANG_WARN_CONSTANT_CONVERSION = YES;
				CLANG_WARN_DEPRECATED_OBJC_IMPLEMENTATIONS = YES;
				CLANG_WARN_DIRECT_OBJC_ISA_USAGE = YES_ERROR;
				CLANG_WARN_DOCUMENTATION_COMMENTS = YES;
				CLANG_WARN_EMPTY_BODY = YES;
				CLANG_WARN_ENUM_CONVERSION = YES;
				CLANG_WARN_INFINITE_RECURSION = YES;
				CLANG_WARN_INT_CONVERSION = YES;
				CLANG_WARN_NON_LITERAL_NULL_CONVERSION = YES;
				CLANG_WARN_OBJC_IMPLICIT_RETAIN_SELF = YES;
				CLANG_WARN_OBJC_LITERAL_CONVERSION = YES;
				CLANG_WARN_OBJC_ROOT_CLASS = YES_ERROR;
				CLANG_WARN_QUOTED_INCLUDE_IN_FRAMEWORK_HEADER = YES;
				CLANG_WARN_RANGE_LOOP_ANALYSIS = YES;
				CLANG_WARN_STRICT_PROTOTYPES = YES;
				CLANG_WARN_SUSPICIOUS_MOVE = YES;
				CLANG_WARN_UNGUARDED_AVAILABILITY = YES_AGGRESSIVE;
				CLANG_WARN_UNREACHABLE_CODE = YES;
				CLANG_WARN__DUPLICATE_METHOD_MATCH = YES;
				COPY_PHASE_STRIP = NO;
				DEBUG_INFORMATION_FORMAT = "dwarf-with-dsym";
				ENABLE_NS_ASSERTIONS = NO;
				ENABLE_STRICT_OBJC_MSGSEND = YES;
				ENABLE_USER_SCRIPT_SANDBOXING = YES;
				GCC_C_LANGUAGE_STANDARD = gnu17;
				GCC_NO_COMMON_BLOCKS = YES;
				GCC_WARN_64_TO_32_BIT_CONVERSION = YES;
				GCC_WARN_ABOUT_RETURN_TYPE = YES_ERROR;
				GCC_WARN_UNDECLARED_SELECTOR = YES;
				GCC_WARN_UNINITIALIZED_AUTOS = YES_AGGRESSIVE;
				GCC_WARN_UNUSED_FUNCTION = YES;
				GCC_WARN_UNUSED_VARIABLE = YES;
				IPHONEOS_DEPLOYMENT_TARGET = 18.0;
				LOCALIZATION_PREFERS_STRING_CATALOGS = YES;
				MTL_ENABLE_DEBUG_INFO = NO;
				MTL_FAST_MATH = YES;
				SDKROOT = iphoneos;
				SWIFT_COMPILATION_MODE = wholemodule;
				VALIDATE_PRODUCT = YES;
			};
			name = Release;
		};
		099CDC0F2CA9266700577804 /* Debug */ = {
			isa = XCBuildConfiguration;
			buildSettings = {
				ASSETCATALOG_COMPILER_APPICON_NAME = AppIcon;
				ASSETCATALOG_COMPILER_GLOBAL_ACCENT_COLOR_NAME = AccentColor;
				CODE_SIGN_STYLE = Automatic;
				CURRENT_PROJECT_VERSION = 1;
				DEVELOPMENT_ASSET_PATHS = "\"Apple_Framword/Preview Content\"";
				DEVELOPMENT_TEAM = KGZ5J58XJP;
				ENABLE_PREVIEWS = YES;
				GENERATE_INFOPLIST_FILE = YES;
				INFOPLIST_KEY_UIApplicationSceneManifest_Generation = YES;
				INFOPLIST_KEY_UIApplicationSupportsIndirectInputEvents = YES;
				INFOPLIST_KEY_UILaunchScreen_Generation = YES;
				INFOPLIST_KEY_UISupportedInterfaceOrientations_iPad = "UIInterfaceOrientationPortrait UIInterfaceOrientationPortraitUpsideDown UIInterfaceOrientationLandscapeLeft UIInterfaceOrientationLandscapeRight";
				INFOPLIST_KEY_UISupportedInterfaceOrientations_iPhone = "UIInterfaceOrientationPortrait UIInterfaceOrientationLandscapeLeft UIInterfaceOrientationLandscapeRight";
				LD_RUNPATH_SEARCH_PATHS = (
					"$(inherited)",
					"@executable_path/Frameworks",
				);
				MARKETING_VERSION = 1.0;
				PRODUCT_BUNDLE_IDENTIFIER = "ddunisweather.Apple-Framword";
				PRODUCT_NAME = "$(TARGET_NAME)";
				SWIFT_EMIT_LOC_STRINGS = YES;
				SWIFT_VERSION = 5.0;
				TARGETED_DEVICE_FAMILY = "1,2";
			};
			name = Debug;
		};
		099CDC102CA9266700577804 /* Release */ = {
			isa = XCBuildConfiguration;
			buildSettings = {
				ASSETCATALOG_COMPILER_APPICON_NAME = AppIcon;
				ASSETCATALOG_COMPILER_GLOBAL_ACCENT_COLOR_NAME = AccentColor;
				CODE_SIGN_STYLE = Automatic;
				CURRENT_PROJECT_VERSION = 1;
				DEVELOPMENT_ASSET_PATHS = "\"Apple_Framword/Preview Content\"";
				DEVELOPMENT_TEAM = KGZ5J58XJP;
				ENABLE_PREVIEWS = YES;
				GENERATE_INFOPLIST_FILE = YES;
				INFOPLIST_KEY_UIApplicationSceneManifest_Generation = YES;
				INFOPLIST_KEY_UIApplicationSupportsIndirectInputEvents = YES;
				INFOPLIST_KEY_UILaunchScreen_Generation = YES;
				INFOPLIST_KEY_UISupportedInterfaceOrientations_iPad = "UIInterfaceOrientationPortrait UIInterfaceOrientationPortraitUpsideDown UIInterfaceOrientationLandscapeLeft UIInterfaceOrientationLandscapeRight";
				INFOPLIST_KEY_UISupportedInterfaceOrientations_iPhone = "UIInterfaceOrientationPortrait UIInterfaceOrientationLandscapeLeft UIInterfaceOrientationLandscapeRight";
				LD_RUNPATH_SEARCH_PATHS = (
					"$(inherited)",
					"@executable_path/Frameworks",
				);
				MARKETING_VERSION = 1.0;
				PRODUCT_BUNDLE_IDENTIFIER = "ddunisweather.Apple-Framword";
				PRODUCT_NAME = "$(TARGET_NAME)";
				SWIFT_EMIT_LOC_STRINGS = YES;
				SWIFT_VERSION = 5.0;
				TARGETED_DEVICE_FAMILY = "1,2";
			};
			name = Release;
		};
		099CDC122CA9266700577804 /* Debug */ = {
			isa = XCBuildConfiguration;
			buildSettings = {
				BUNDLE_LOADER = "$(TEST_HOST)";
				CODE_SIGN_STYLE = Automatic;
				CURRENT_PROJECT_VERSION = 1;
				DEVELOPMENT_TEAM = KGZ5J58XJP;
				GENERATE_INFOPLIST_FILE = YES;
				IPHONEOS_DEPLOYMENT_TARGET = 18.0;
				MARKETING_VERSION = 1.0;
				PRODUCT_BUNDLE_IDENTIFIER = "ddunisweather.Apple-FramwordTests";
				PRODUCT_NAME = "$(TARGET_NAME)";
				SWIFT_EMIT_LOC_STRINGS = NO;
				SWIFT_VERSION = 5.0;
				TARGETED_DEVICE_FAMILY = "1,2";
				TEST_HOST = "$(BUILT_PRODUCTS_DIR)/Apple_Framword.app/$(BUNDLE_EXECUTABLE_FOLDER_PATH)/Apple_Framword";
			};
			name = Debug;
		};
		099CDC132CA9266700577804 /* Release */ = {
			isa = XCBuildConfiguration;
			buildSettings = {
				BUNDLE_LOADER = "$(TEST_HOST)";
				CODE_SIGN_STYLE = Automatic;
				CURRENT_PROJECT_VERSION = 1;
				DEVELOPMENT_TEAM = KGZ5J58XJP;
				GENERATE_INFOPLIST_FILE = YES;
				IPHONEOS_DEPLOYMENT_TARGET = 18.0;
				MARKETING_VERSION = 1.0;
				PRODUCT_BUNDLE_IDENTIFIER = "ddunisweather.Apple-FramwordTests";
				PRODUCT_NAME = "$(TARGET_NAME)";
				SWIFT_EMIT_LOC_STRINGS = NO;
				SWIFT_VERSION = 5.0;
				TARGETED_DEVICE_FAMILY = "1,2";
				TEST_HOST = "$(BUILT_PRODUCTS_DIR)/Apple_Framword.app/$(BUNDLE_EXECUTABLE_FOLDER_PATH)/Apple_Framword";
			};
			name = Release;
		};
		099CDC152CA9266700577804 /* Debug */ = {
			isa = XCBuildConfiguration;
			buildSettings = {
				CODE_SIGN_STYLE = Automatic;
				CURRENT_PROJECT_VERSION = 1;
				DEVELOPMENT_TEAM = KGZ5J58XJP;
				GENERATE_INFOPLIST_FILE = YES;
				MARKETING_VERSION = 1.0;
				PRODUCT_BUNDLE_IDENTIFIER = "ddunisweather.Apple-FramwordUITests";
				PRODUCT_NAME = "$(TARGET_NAME)";
				SWIFT_EMIT_LOC_STRINGS = NO;
				SWIFT_VERSION = 5.0;
				TARGETED_DEVICE_FAMILY = "1,2";
				TEST_TARGET_NAME = Apple_Framword;
			};
			name = Debug;
		};
		099CDC162CA9266700577804 /* Release */ = {
			isa = XCBuildConfiguration;
			buildSettings = {
				CODE_SIGN_STYLE = Automatic;
				CURRENT_PROJECT_VERSION = 1;
				DEVELOPMENT_TEAM = KGZ5J58XJP;
				GENERATE_INFOPLIST_FILE = YES;
				MARKETING_VERSION = 1.0;
				PRODUCT_BUNDLE_IDENTIFIER = "ddunisweather.Apple-FramwordUITests";
				PRODUCT_NAME = "$(TARGET_NAME)";
				SWIFT_EMIT_LOC_STRINGS = NO;
				SWIFT_VERSION = 5.0;
				TARGETED_DEVICE_FAMILY = "1,2";
				TEST_TARGET_NAME = Apple_Framword;
			};
			name = Release;
		};
/* End XCBuildConfiguration section */

/* Begin XCConfigurationList section */
		099CDBE52CA9266600577804 /* Build configuration list for PBXProject "Apple_Framword" */ = {
			isa = XCConfigurationList;
			buildConfigurations = (
				099CDC0C2CA9266700577804 /* Debug */,
				099CDC0D2CA9266700577804 /* Release */,
			);
			defaultConfigurationIsVisible = 0;
			defaultConfigurationName = Release;
		};
		099CDC0E2CA9266700577804 /* Build configuration list for PBXNativeTarget "Apple_Framword" */ = {
			isa = XCConfigurationList;
			buildConfigurations = (
				099CDC0F2CA9266700577804 /* Debug */,
				099CDC102CA9266700577804 /* Release */,
			);
			defaultConfigurationIsVisible = 0;
			defaultConfigurationName = Release;
		};
		099CDC112CA9266700577804 /* Build configuration list for PBXNativeTarget "Apple_FramwordTests" */ = {
			isa = XCConfigurationList;
			buildConfigurations = (
				099CDC122CA9266700577804 /* Debug */,
				099CDC132CA9266700577804 /* Release */,
			);
			defaultConfigurationIsVisible = 0;
			defaultConfigurationName = Release;
		};
		099CDC142CA9266700577804 /* Build configuration list for PBXNativeTarget "Apple_FramwordUITests" */ = {
			isa = XCConfigurationList;
			buildConfigurations = (
				099CDC152CA9266700577804 /* Debug */,
				099CDC162CA9266700577804 /* Release */,
			);
			defaultConfigurationIsVisible = 0;
			defaultConfigurationName = Release;
		};
/* End XCConfigurationList section */
	};
	rootObject = 099CDBE22CA9266600577804 /* Project object */;
}
